
Microsoft Visual Studio Solution File, Format Version 12.00
# Visual Studio 14
VisualStudioVersion = 14.0.25420.1
MinimumVisualStudioVersion = 10.0.40219.1
Project("{FAE04EC0-301F-11D3-BF4B-00C04F79EFBC}") = "TeaseAI_CE", "TeaseAI_CE\TeaseAI_CE.csproj", "{02134F4D-723D-4515-949F-AEB64C014133}"
EndProject
Project("{FAE04EC0-301F-11D3-BF4B-00C04F79EFBC}") = "Scripting", "Scripting\Scripting.csproj", "{7624E975-6CBD-4229-9795-E875F3E978EC}"
EndProject
Project("{FAE04EC0-301F-11D3-BF4B-00C04F79EFBC}") = "Serialization", "Serialization\Serialization.csproj", "{800C9F41-229C-4F48-BBDF-91A0AB66B374}"
EndProject
Project("{FAE04EC0-301F-11D3-BF4B-00C04F79EFBC}") = "Settings", "Settings\Settings.csproj", "{89D73340-09A6-41A3-8C85-BB46385742D8}"
EndProject
Project("{D954291E-2A0B-460D-934E-DC6B0785DB48}") = "Files", "Files\Files.shproj", "{FC56C73F-FDA9-4F03-9316-D9B9673DBB48}"
EndProject
Global
	GlobalSection(Performance) = preSolution
		HasPerformanceSessions = true
	EndGlobalSection
	GlobalSection(SharedMSBuildProjectFiles) = preSolution
		Files\Files.projitems*{02134f4d-723d-4515-949f-aeb64c014133}*SharedItemsImports = 4
		Files\Files.projitems*{fc56c73f-fda9-4f03-9316-d9b9673dbb48}*SharedItemsImports = 13
	EndGlobalSection
	GlobalSection(SolutionConfigurationPlatforms) = preSolution
		Debug|Any CPU = Debug|Any CPU
		Release|Any CPU = Release|Any CPU
	EndGlobalSection
	GlobalSection(ProjectConfigurationPlatforms) = postSolution
		{02134F4D-723D-4515-949F-AEB64C014133}.Debug|Any CPU.ActiveCfg = Debug|Any CPU
		{02134F4D-723D-4515-949F-AEB64C014133}.Debug|Any CPU.Build.0 = Debug|Any CPU
		{02134F4D-723D-4515-949F-AEB64C014133}.Release|Any CPU.ActiveCfg = Release|Any CPU
		{02134F4D-723D-4515-949F-AEB64C014133}.Release|Any CPU.Build.0 = Release|Any CPU
		{7624E975-6CBD-4229-9795-E875F3E978EC}.Debug|Any CPU.ActiveCfg = Debug|Any CPU
		{7624E975-6CBD-4229-9795-E875F3E978EC}.Debug|Any CPU.Build.0 = Debug|Any CPU
		{7624E975-6CBD-4229-9795-E875F3E978EC}.Release|Any CPU.ActiveCfg = Release|Any CPU
		{7624E975-6CBD-4229-9795-E875F3E978EC}.Release|Any CPU.Build.0 = Release|Any CPU
		{800C9F41-229C-4F48-BBDF-91A0AB66B374}.Debug|Any CPU.ActiveCfg = Debug|Any CPU
		{800C9F41-229C-4F48-BBDF-91A0AB66B374}.Debug|Any CPU.Build.0 = Debug|Any CPU
		{800C9F41-229C-4F48-BBDF-91A0AB66B374}.Release|Any CPU.ActiveCfg = Release|Any CPU
		{800C9F41-229C-4F48-BBDF-91A0AB66B374}.Release|Any CPU.Build.0 = Release|Any CPU
		{89D73340-09A6-41A3-8C85-BB46385742D8}.Debug|Any CPU.ActiveCfg = Debug|Any CPU
		{89D73340-09A6-41A3-8C85-BB46385742D8}.Debug|Any CPU.Build.0 = Debug|Any CPU
		{89D73340-09A6-41A3-8C85-BB46385742D8}.Release|Any CPU.ActiveCfg = Release|Any CPU
		{89D73340-09A6-41A3-8C85-BB46385742D8}.Release|Any CPU.Build.0 = Release|Any CPU
	EndGlobalSection
	GlobalSection(SolutionProperties) = preSolution
		HideSolutionNode = FALSE
	EndGlobalSection
EndGlobal
